<Solution>
  <Folder Name="/src/">
    <Project Path="src/DiaperScout.Api/DiaperScout.Api.csproj" />
    <Project Path="src/DiaperScout.Application/DiaperScout.Application.csproj" />
    <Project Path="src/DiaperScout.Domain/DiaperScout.Domain.csproj" />
    <Project Path="src/DiaperScout.Infrastructure/DiaperScout.Infrastructure.csproj" />
    <Project Path="src/DiaperScout.Web/DiaperScout.Web.csproj" />
  </Folder>
  <Folder Name="/tests/">
    <Project Path="tests/DiaperScout.Domain.Tests/DiaperScout.Domain.Tests.csproj" />
    <Project Path="tests/DiaperScout.Api.IntegrationTests/DiaperScout.Api.IntegrationTests.csproj" />
  </Folder>
</Solution>
